
Microsoft Visual Studio Solution File, Format Version 12.00
# Visual Studio Version 16
VisualStudioVersion = 16.0.30804.86
MinimumVisualStudioVersion = 10.0.40219.1
Project("{9A19103F-16F7-4668-BE54-9A1E7A4F7556}") = "MagillStore.WebSite", "MagillStore.WebSite\MagillStore.WebSite.csproj", "{84E18A4E-6164-47FB-8095-258A5E939F15}"
EndProject
Global
	GlobalSection(SolutionConfigurationPlatforms) = preSolution
		Debug|Any CPU = Debug|Any CPU
		Release|Any CPU = Release|Any CPU
	EndGlobalSection
	GlobalSection(ProjectConfigurationPlatforms) = postSolution
		{84E18A4E-6164-47FB-8095-258A5E939F15}.Debug|Any CPU.ActiveCfg = Debug|Any CPU
		{84E18A4E-6164-47FB-8095-258A5E939F15}.Debug|Any CPU.Build.0 = Debug|Any CPU
		{84E18A4E-6164-47FB-8095-258A5E939F15}.Release|Any CPU.ActiveCfg = Release|Any CPU
		{84E18A4E-6164-47FB-8095-258A5E939F15}.Release|Any CPU.Build.0 = Release|Any CPU
	EndGlobalSection
	GlobalSection(SolutionProperties) = preSolution
		HideSolutionNode = FALSE
	EndGlobalSection
	GlobalSection(ExtensibilityGlobals) = postSolution
		SolutionGuid = {BE13A7BE-54C8-4A20-A476-85234068B874}
	EndGlobalSection
EndGlobal
